
Microsoft Visual Studio Solution File, Format Version 12.00
# Visual Studio Version 17
VisualStudioVersion = 17.14.36414.22 d17.14
MinimumVisualStudioVersion = 10.0.40219.1
Project("{FAE04EC0-301F-11D3-BF4B-00C04F79EFBC}") = "M17A_ProjetoFinal_Loja", "M17A_ProjetoFinal_Loja\M17A_ProjetoFinal_Loja.csproj", "{8FE890FC-6005-4491-8088-217A7F56EDF1}"
EndProject
Global
	GlobalSection(SolutionConfigurationPlatforms) = preSolution
		Debug|Any CPU = Debug|Any CPU
		Release|Any CPU = Release|Any CPU
	EndGlobalSection
	GlobalSection(ProjectConfigurationPlatforms) = postSolution
		{8FE890FC-6005-4491-8088-217A7F56EDF1}.Debug|Any CPU.ActiveCfg = Debug|Any CPU
		{8FE890FC-6005-4491-8088-217A7F56EDF1}.Debug|Any CPU.Build.0 = Debug|Any CPU
		{8FE890FC-6005-4491-8088-217A7F56EDF1}.Release|Any CPU.ActiveCfg = Release|Any CPU
		{8FE890FC-6005-4491-8088-217A7F56EDF1}.Release|Any CPU.Build.0 = Release|Any CPU
	EndGlobalSection
	GlobalSection(SolutionProperties) = preSolution
		HideSolutionNode = FALSE
	EndGlobalSection
	GlobalSection(ExtensibilityGlobals) = postSolution
		SolutionGuid = {56672852-3036-4902-BEA0-50D244AA21F7}
	EndGlobalSection
EndGlobal
